
Microsoft Visual Studio Solution File, Format Version 12.00
# Visual Studio 2013
VisualStudioVersion = 12.0.21005.1
MinimumVisualStudioVersion = 10.0.40219.1
Project("{FAE04EC0-301F-11D3-BF4B-00C04F79EFBC}") = "MvcApplication", "MvcApplication\MvcApplication.csproj", "{981FCF50-1B00-4ADA-911E-7D3D25312E75}"
EndProject
Project("{FAE04EC0-301F-11D3-BF4B-00C04F79EFBC}") = "AdminLibrary", "AdminLibrary\AdminLibrary.csproj", "{6F9AEF0A-E33A-4858-AA50-F35912560982}"
EndProject
Global
	GlobalSection(SolutionConfigurationPlatforms) = preSolution
		Debug|Any CPU = Debug|Any CPU
		Release|Any CPU = Release|Any CPU
	EndGlobalSection
	GlobalSection(ProjectConfigurationPlatforms) = postSolution
		{981FCF50-1B00-4ADA-911E-7D3D25312E75}.Debug|Any CPU.ActiveCfg = Debug|Any CPU
		{981FCF50-1B00-4ADA-911E-7D3D25312E75}.Debug|Any CPU.Build.0 = Debug|Any CPU
		{981FCF50-1B00-4ADA-911E-7D3D25312E75}.Release|Any CPU.ActiveCfg = Release|Any CPU
		{981FCF50-1B00-4ADA-911E-7D3D25312E75}.Release|Any CPU.Build.0 = Release|Any CPU
		{6F9AEF0A-E33A-4858-AA50-F35912560982}.Debug|Any CPU.ActiveCfg = Debug|Any CPU
		{6F9AEF0A-E33A-4858-AA50-F35912560982}.Debug|Any CPU.Build.0 = Debug|Any CPU
		{6F9AEF0A-E33A-4858-AA50-F35912560982}.Release|Any CPU.ActiveCfg = Release|Any CPU
		{6F9AEF0A-E33A-4858-AA50-F35912560982}.Release|Any CPU.Build.0 = Release|Any CPU
	EndGlobalSection
	GlobalSection(SolutionProperties) = preSolution
		HideSolutionNode = FALSE
	EndGlobalSection
EndGlobal
